
Microsoft Visual Studio Solution File, Format Version 12.00
# Visual Studio 14
VisualStudioVersion = 14.0.24720.0
MinimumVisualStudioVersion = 10.0.40219.1
Project("{FAE04EC0-301F-11D3-BF4B-00C04F79EFBC}") = "RoslynPerf", "RoslynPerf\RoslynPerf.csproj", "{B59D0FDD-9EDB-4E88-8C85-85AABECD805D}"
EndProject
Project("{2150E333-8FDC-42A3-9474-1A3956D46DE8}") = "Solution Items", "Solution Items", "{C83640BB-D902-424C-9898-D0F19028763F}"
	ProjectSection(SolutionItems) = preProject
		.gitignore = .gitignore
		LICENSE.txt = LICENSE.txt
		README.md = README.md
	EndProjectSection
EndProject
Global
	GlobalSection(SolutionConfigurationPlatforms) = preSolution
		Debug|x86 = Debug|x86
		Release|x86 = Release|x86
	EndGlobalSection
	GlobalSection(ProjectConfigurationPlatforms) = postSolution
		{B59D0FDD-9EDB-4E88-8C85-85AABECD805D}.Debug|x86.ActiveCfg = Debug|x86
		{B59D0FDD-9EDB-4E88-8C85-85AABECD805D}.Debug|x86.Build.0 = Debug|x86
		{B59D0FDD-9EDB-4E88-8C85-85AABECD805D}.Release|x86.ActiveCfg = Release|x86
		{B59D0FDD-9EDB-4E88-8C85-85AABECD805D}.Release|x86.Build.0 = Release|x86
	EndGlobalSection
	GlobalSection(SolutionProperties) = preSolution
		HideSolutionNode = FALSE
	EndGlobalSection
EndGlobal
